
Microsoft Visual Studio Solution File, Format Version 12.00
# Visual Studio Version 17
VisualStudioVersion = 17.14.36221.1 d17.14
MinimumVisualStudioVersion = 10.0.40219.1
Project("{2150E333-8FDC-42A3-9474-1A3956D46DE8}") = "1 - Frontend", "1 - Frontend", "{02EA681E-C7D8-13C7-8484-4AC65E1B71E8}"
EndProject
Project("{2150E333-8FDC-42A3-9474-1A3956D46DE8}") = "2 - Backend", "2 - Backend", "{4FDF1802-0C91-46CE-921E-0577C76C0ADC}"
EndProject
Project("{2150E333-8FDC-42A3-9474-1A3956D46DE8}") = "1.1 - WebApp", "1.1 - WebApp", "{DF006ED0-89AD-4574-BA59-E88772F8DAEF}"
EndProject
Project("{FAE04EC0-301F-11D3-BF4B-00C04F79EFBC}") = "LayeredArch.Mvc", "src\LayeredArch.Mvc\LayeredArch.Mvc.csproj", "{8755473D-BF12-4BCC-B592-ACBD6BF101EF}"
EndProject
Project("{2150E333-8FDC-42A3-9474-1A3956D46DE8}") = "2.1 - Business", "2.1 - Business", "{BBA52482-0CB4-4711-9377-9007DFA5B117}"
EndProject
Project("{2150E333-8FDC-42A3-9474-1A3956D46DE8}") = "2.2 - Data", "2.2 - Data", "{F4898E7E-7AC7-4BC4-AB79-CBA074D147B3}"
EndProject
Project("{2150E333-8FDC-42A3-9474-1A3956D46DE8}") = "2.3 - Infra", "2.3 - Infra", "{3ADC6B0B-EC3A-4A91-AB50-F0286D21CE4C}"
EndProject
Project("{2150E333-8FDC-42A3-9474-1A3956D46DE8}") = "2.4 - Helper", "2.4 - Helper", "{66768894-63DA-4ECE-A6CD-1A8DA0E01A3D}"
EndProject
Project("{FAE04EC0-301F-11D3-BF4B-00C04F79EFBC}") = "LayeredArch.Business", "src\LayeredArch.Business\LayeredArch.Business.csproj", "{5CED034E-9A29-49CE-A9A0-F666BC0F34B5}"
EndProject
Project("{FAE04EC0-301F-11D3-BF4B-00C04F79EFBC}") = "LayeredArch.Data", "src\LayeredArch.Data\LayeredArch.Data.csproj", "{55A916AC-CC5F-48C6-B8F8-14D907A6CC94}"
EndProject
Project("{FAE04EC0-301F-11D3-BF4B-00C04F79EFBC}") = "LayeredArch.Infra", "src\LayeredArch.Infra\LayeredArch.Infra.csproj", "{B02A25EC-6D67-4F4B-84B3-AFCF723D4C1E}"
EndProject
Project("{FAE04EC0-301F-11D3-BF4B-00C04F79EFBC}") = "LayeredArch.Helper", "src\LayeredArch.Helper\LayeredArch.Helper.csproj", "{C9404EF1-988E-4394-A830-05BBCD4183C7}"
EndProject
Global
	GlobalSection(SolutionConfigurationPlatforms) = preSolution
		Debug|Any CPU = Debug|Any CPU
		Release|Any CPU = Release|Any CPU
	EndGlobalSection
	GlobalSection(ProjectConfigurationPlatforms) = postSolution
		{8755473D-BF12-4BCC-B592-ACBD6BF101EF}.Debug|Any CPU.ActiveCfg = Debug|Any CPU
		{8755473D-BF12-4BCC-B592-ACBD6BF101EF}.Debug|Any CPU.Build.0 = Debug|Any CPU
		{8755473D-BF12-4BCC-B592-ACBD6BF101EF}.Release|Any CPU.ActiveCfg = Release|Any CPU
		{8755473D-BF12-4BCC-B592-ACBD6BF101EF}.Release|Any CPU.Build.0 = Release|Any CPU
		{5CED034E-9A29-49CE-A9A0-F666BC0F34B5}.Debug|Any CPU.ActiveCfg = Debug|Any CPU
		{5CED034E-9A29-49CE-A9A0-F666BC0F34B5}.Debug|Any CPU.Build.0 = Debug|Any CPU
		{5CED034E-9A29-49CE-A9A0-F666BC0F34B5}.Release|Any CPU.ActiveCfg = Release|Any CPU
		{5CED034E-9A29-49CE-A9A0-F666BC0F34B5}.Release|Any CPU.Build.0 = Release|Any CPU
		{55A916AC-CC5F-48C6-B8F8-14D907A6CC94}.Debug|Any CPU.ActiveCfg = Debug|Any CPU
		{55A916AC-CC5F-48C6-B8F8-14D907A6CC94}.Debug|Any CPU.Build.0 = Debug|Any CPU
		{55A916AC-CC5F-48C6-B8F8-14D907A6CC94}.Release|Any CPU.ActiveCfg = Release|Any CPU
		{55A916AC-CC5F-48C6-B8F8-14D907A6CC94}.Release|Any CPU.Build.0 = Release|Any CPU
		{B02A25EC-6D67-4F4B-84B3-AFCF723D4C1E}.Debug|Any CPU.ActiveCfg = Debug|Any CPU
		{B02A25EC-6D67-4F4B-84B3-AFCF723D4C1E}.Debug|Any CPU.Build.0 = Debug|Any CPU
		{B02A25EC-6D67-4F4B-84B3-AFCF723D4C1E}.Release|Any CPU.ActiveCfg = Release|Any CPU
		{B02A25EC-6D67-4F4B-84B3-AFCF723D4C1E}.Release|Any CPU.Build.0 = Release|Any CPU
		{C9404EF1-988E-4394-A830-05BBCD4183C7}.Debug|Any CPU.ActiveCfg = Debug|Any CPU
		{C9404EF1-988E-4394-A830-05BBCD4183C7}.Debug|Any CPU.Build.0 = Debug|Any CPU
		{C9404EF1-988E-4394-A830-05BBCD4183C7}.Release|Any CPU.ActiveCfg = Release|Any CPU
		{C9404EF1-988E-4394-A830-05BBCD4183C7}.Release|Any CPU.Build.0 = Release|Any CPU
	EndGlobalSection
	GlobalSection(SolutionProperties) = preSolution
		HideSolutionNode = FALSE
	EndGlobalSection
	GlobalSection(NestedProjects) = preSolution
		{DF006ED0-89AD-4574-BA59-E88772F8DAEF} = {02EA681E-C7D8-13C7-8484-4AC65E1B71E8}
		{8755473D-BF12-4BCC-B592-ACBD6BF101EF} = {DF006ED0-89AD-4574-BA59-E88772F8DAEF}
		{BBA52482-0CB4-4711-9377-9007DFA5B117} = {4FDF1802-0C91-46CE-921E-0577C76C0ADC}
		{F4898E7E-7AC7-4BC4-AB79-CBA074D147B3} = {4FDF1802-0C91-46CE-921E-0577C76C0ADC}
		{3ADC6B0B-EC3A-4A91-AB50-F0286D21CE4C} = {4FDF1802-0C91-46CE-921E-0577C76C0ADC}
		{66768894-63DA-4ECE-A6CD-1A8DA0E01A3D} = {4FDF1802-0C91-46CE-921E-0577C76C0ADC}
		{5CED034E-9A29-49CE-A9A0-F666BC0F34B5} = {BBA52482-0CB4-4711-9377-9007DFA5B117}
		{55A916AC-CC5F-48C6-B8F8-14D907A6CC94} = {F4898E7E-7AC7-4BC4-AB79-CBA074D147B3}
		{B02A25EC-6D67-4F4B-84B3-AFCF723D4C1E} = {3ADC6B0B-EC3A-4A91-AB50-F0286D21CE4C}
		{C9404EF1-988E-4394-A830-05BBCD4183C7} = {66768894-63DA-4ECE-A6CD-1A8DA0E01A3D}
	EndGlobalSection
	GlobalSection(ExtensibilityGlobals) = postSolution
		SolutionGuid = {A608F325-71FE-4C59-99EB-7EE041331D65}
	EndGlobalSection
EndGlobal
